version = 1
revision = 3
requires-python = ">=3.13"
resolution-markers = [
    "python_full_version >= '3.14' and sys_platform == 'win32'",
    "python_full_version >= '3.14' and sys_platform == 'emscripten'",
    "python_full_version >= '3.14' and sys_platform != 'emscripten' and sys_platform != 'win32'",
    "python_full_version < '3.14' and sys_platform == 'win32'",
    "python_full_version < '3.14' and sys_platform == 'emscripten'",
    "python_full_version < '3.14' and sys_platform != 'emscripten' and sys_platform != 'win32'",
]

[[package]]
name = "imgui-bundle"
version = "1.92.801"
source = { registry = "https://pypi.org/simple" }
sdist = { url = "https://files.pythonhosted.org/packages/c1/b9/4217165c5fa832dbe662c2d96f0810aa7280eb2cc3bcae2b7ac4260e3f08/imgui_bundle-1.92.801.tar.gz", hash = "sha256:7d790708affe7476969d397784b40eb91760a201ce752131e5bedf4d514e3a45", size = 48343289, upload-time = "2026-05-13T13:34:13.972Z" }
wheels = [
    { url = "https://files.pythonhosted.org/packages/e2/2f/53d5919e489b4571d22317052a400d8fc41cfbda299bcea56d95ec0cf10e/imgui_bundle-1.92.801-cp313-cp313-macosx_14_0_arm64.whl", hash = "sha256:8e68c07cd22ad1111305d9b6f941b7209114e88a0ad491c1fe026a1100d04f34", size = 10159870, upload-time = "2026-05-13T13:33:30.694Z" },
    { url = "https://files.pythonhosted.org/packages/3c/62/1792def915510f082d1db778b46ef65e5c1099e7e956f64408f87126a263/imgui_bundle-1.92.801-cp313-cp313-manylinux_2_28_aarch64.whl", hash = "sha256:63297b62894236c3fc623113529a70cabce51ed8138e1a5f45d2f6d77507e70e", size = 12239091, upload-time = "2026-05-13T13:33:33.968Z" },
    { url = "https://files.pythonhosted.org/packages/52/0e/63ed0e6f4305304442617b7885b4d51e01f1104a761ac44da8d0ccf919d6/imgui_bundle-1.92.801-cp313-cp313-manylinux_2_28_x86_64.whl", hash = "sha256:9b6c04334446cbdc7b1875ceecb762485bc40e8341cd15c5406ba70346a5c6bb", size = 13338348, upload-time = "2026-05-13T13:33:37.263Z" },
    { url = "https://files.pythonhosted.org/packages/bb/d1/18d277fcc6cea9cd14cd3518446ab2d8fd1158327946cffef383f17bb949/imgui_bundle-1.92.801-cp313-cp313-musllinux_1_2_aarch64.whl", hash = "sha256:1fae28d67b0b5cb59d618d8ff228d110b07d052c3304e190c02eb8578fe7852c", size = 13292470, upload-time = "2026-05-13T13:33:40.44Z" },
    { url = "https://files.pythonhosted.org/packages/82/ec/8f6d373797c071527888c03fc20ddf4106e42e87cf5e61e43bfc0a50bcab/imgui_bundle-1.92.801-cp313-cp313-musllinux_1_2_x86_64.whl", hash = "sha256:5241038ceeeb6f0e8c869c5d70cf32c6a92e9fe037e18422e3cc4c242a586b96", size = 14198396, upload-time = "2026-05-13T13:33:43.546Z" },
    { url = "https://files.pythonhosted.org/packages/02/44/32997bb445e132086e60d890c8d823312b479bb0a3dcff02403c2b6b5a92/imgui_bundle-1.92.801-cp313-cp313-win_amd64.whl", hash = "sha256:72d9760d82ec680450f0156232e15435eaaf6e14c5b6723dcf42ea4134bc505b", size = 11219721, upload-time = "2026-05-13T13:33:46.454Z" },
    { url = "https://files.pythonhosted.org/packages/d5/5c/00f3b34d260ffe5a8915fb188923f358e21621c9f4bf1f8a1d821e83490d/imgui_bundle-1.92.801-cp313-cp313-win_arm64.whl", hash = "sha256:1309ce1dcadab0f02d2a91d94895569fdca33baadbb530224d148884977c4e70", size = 10730090, upload-time = "2026-05-13T13:33:49.198Z" },
    { url = "https://files.pythonhosted.org/packages/b0/9e/482dcc3df4d8fcb46fbdbed52b055b5de07eab82d9bec0a1b3c5d280f7fd/imgui_bundle-1.92.801-cp314-cp314-macosx_14_0_arm64.whl", hash = "sha256:1a13952a7420794666abafbbfadf0e755b6b18e0b677b7f3f744469b71066c73", size = 10162464, upload-time = "2026-05-13T13:33:52.194Z" },
    { url = "https://files.pythonhosted.org/packages/29/93/470e3e9a71aeb1559c84651196e93678ccdf1729d5c6365051346a771356/imgui_bundle-1.92.801-cp314-cp314-manylinux_2_28_aarch64.whl", hash = "sha256:57e7e3bc18ac4d93ae796cd6f403b82c0a28be105848376a70b3a7075385d91d", size = 12244332, upload-time = "2026-05-13T13:33:54.821Z" },
    { url = "https://files.pythonhosted.org/packages/0a/44/b9eb9da81b7dd74eaba8b39af07d8d95717c2b2e251b6c3475d8f95a6195/imgui_bundle-1.92.801-cp314-cp314-manylinux_2_28_x86_64.whl", hash = "sha256:74a4ab84bc4336c9025c6c96033f44904a667a285ad188f31ca2c595f4fea1f0", size = 13339617, upload-time = "2026-05-13T13:33:57.848Z" },
    { url = "https://files.pythonhosted.org/packages/82/55/fe08eec7a64989beb2e970a775e279b4d6ab11d113849a4fc60d56154766/imgui_bundle-1.92.801-cp314-cp314-musllinux_1_2_aarch64.whl", hash = "sha256:5f56121d0ea45a92a291722ae235e8d8ad00eecf4afbbe5fa683b20dc4d077ed", size = 13297473, upload-time = "2026-05-13T13:34:00.843Z" },
    { url = "https://files.pythonhosted.org/packages/70/00/cab90cfb276a7843091a92899f4ec1d8289daf8add6a48322cd7d6b20b2c/imgui_bundle-1.92.801-cp314-cp314-musllinux_1_2_x86_64.whl", hash = "sha256:93e07d4623292b4cb8b0d7d62f5bc066d544c3d1f0902213c9713d9739e21ecf", size = 14199832, upload-time = "2026-05-13T13:34:03.852Z" },
    { url = "https://files.pythonhosted.org/packages/00/b9/5e625a50ff71773752e45145f39452bf2988dc6440089414941341b30bc1/imgui_bundle-1.92.801-cp314-cp314-win_amd64.whl", hash = "sha256:555d37df1fdde62d4d6bfaf985de90cbac6618358d65f1050d0a33269e88e230", size = 11384993, upload-time = "2026-05-13T13:34:06.62Z" },
    { url = "https://files.pythonhosted.org/packages/d1/4c/dbf7b4141694e4841450db778a8f68e98b2bde48d05e985e372cd3b21b06/imgui_bundle-1.92.801-cp314-cp314-win_arm64.whl", hash = "sha256:d0c73b38860996a7e6608d83e9d8d6a4d40f84968085583de58ecf89de479bd8", size = 10937072, upload-time = "2026-05-13T13:34:09.193Z" },
]

[[package]]
name = "strevenue"
version = "0.1.0"
source = { virtual = "." }
dependencies = [
    { name = "imgui-bundle" },
    { name = "xlrd" },
]

[package.metadata]
requires-dist = [
    { name = "imgui-bundle", specifier = ">=1.92.801" },
    { name = "xlrd", specifier = ">=2.0.2" },
]

[[package]]
name = "xlrd"
version = "2.0.2"
source = { registry = "https://pypi.org/simple" }
sdist = { url = "https://files.pythonhosted.org/packages/07/5a/377161c2d3538d1990d7af382c79f3b2372e880b65de21b01b1a2b78691e/xlrd-2.0.2.tar.gz", hash = "sha256:08b5e25de58f21ce71dc7db3b3b8106c1fa776f3024c54e45b45b374e89234c9", size = 100167, upload-time = "2025-06-14T08:46:39.039Z" }
wheels = [
    { url = "https://files.pythonhosted.org/packages/1a/62/c8d562e7766786ba6587d09c5a8ba9f718ed3fa8af7f4553e8f91c36f302/xlrd-2.0.2-py2.py3-none-any.whl", hash = "sha256:ea762c3d29f4cca48d82df517b6d89fbce4db3107f9d78713e48cd321d5c9aa9", size = 96555, upload-time = "2025-06-14T08:46:37.766Z" },
]
